
Microsoft Visual Studio Solution File, Format Version 12.00
# Visual Studio Version 16
VisualStudioVersion = 16.0.31613.86
MinimumVisualStudioVersion = 10.0.40219.1
Project("{FAE04EC0-301F-11D3-BF4B-00C04F79EFBC}") = "For-MediaPonderada", "For-MediaPonderada\For-MediaPonderada.csproj", "{4B48EBA9-41BF-4AF0-A1BC-FBA10ECCA41F}"
EndProject
Global
	GlobalSection(SolutionConfigurationPlatforms) = preSolution
		Debug|Any CPU = Debug|Any CPU
		Release|Any CPU = Release|Any CPU
	EndGlobalSection
	GlobalSection(ProjectConfigurationPlatforms) = postSolution
		{4B48EBA9-41BF-4AF0-A1BC-FBA10ECCA41F}.Debug|Any CPU.ActiveCfg = Debug|Any CPU
		{4B48EBA9-41BF-4AF0-A1BC-FBA10ECCA41F}.Debug|Any CPU.Build.0 = Debug|Any CPU
		{4B48EBA9-41BF-4AF0-A1BC-FBA10ECCA41F}.Release|Any CPU.ActiveCfg = Release|Any CPU
		{4B48EBA9-41BF-4AF0-A1BC-FBA10ECCA41F}.Release|Any CPU.Build.0 = Release|Any CPU
	EndGlobalSection
	GlobalSection(SolutionProperties) = preSolution
		HideSolutionNode = FALSE
	EndGlobalSection
	GlobalSection(ExtensibilityGlobals) = postSolution
		SolutionGuid = {3639EBD8-F577-41F2-8FB8-F23001ECCB04}
	EndGlobalSection
EndGlobal
